
Microsoft Visual Studio Solution File, Format Version 12.00
# Visual Studio Version 16
VisualStudioVersion = 16.0.31005.135
MinimumVisualStudioVersion = 10.0.40219.1
Project("{9A19103F-16F7-4668-BE54-9A1E7A4F7556}") = "Repository", "Repository\Repository.csproj", "{C2A11AEC-A1EF-42EE-BDCE-D92C0DB046C2}"
EndProject
Project("{9A19103F-16F7-4668-BE54-9A1E7A4F7556}") = "DapperRepository", "DapperRepository\DapperRepository.csproj", "{97A1361B-560B-4996-AC81-24DF7B26AA6E}"
EndProject
Project("{9A19103F-16F7-4668-BE54-9A1E7A4F7556}") = "EFRepository", "EFRepository\EFRepository.csproj", "{01DA7B54-E607-42DE-8B2D-9FDB32CC07F4}"
EndProject
Project("{9A19103F-16F7-4668-BE54-9A1E7A4F7556}") = "UnitTestProjectDapper", "UnitTestProjectDapper\UnitTestProjectDapper.csproj", "{9A07E3E7-4D81-4B0A-9B37-8143F508C682}"
EndProject
Project("{9A19103F-16F7-4668-BE54-9A1E7A4F7556}") = "UnitTestProjectEF", "UnitTestProjectEF\UnitTestProjectEF.csproj", "{4DB08C75-8496-46AB-8F54-6B1BDB96C20D}"
EndProject
Global
	GlobalSection(SolutionConfigurationPlatforms) = preSolution
		Debug|Any CPU = Debug|Any CPU
		Release|Any CPU = Release|Any CPU
	EndGlobalSection
	GlobalSection(ProjectConfigurationPlatforms) = postSolution
		{C2A11AEC-A1EF-42EE-BDCE-D92C0DB046C2}.Debug|Any CPU.ActiveCfg = Debug|Any CPU
		{C2A11AEC-A1EF-42EE-BDCE-D92C0DB046C2}.Debug|Any CPU.Build.0 = Debug|Any CPU
		{C2A11AEC-A1EF-42EE-BDCE-D92C0DB046C2}.Release|Any CPU.ActiveCfg = Release|Any CPU
		{C2A11AEC-A1EF-42EE-BDCE-D92C0DB046C2}.Release|Any CPU.Build.0 = Release|Any CPU
		{97A1361B-560B-4996-AC81-24DF7B26AA6E}.Debug|Any CPU.ActiveCfg = Debug|Any CPU
		{97A1361B-560B-4996-AC81-24DF7B26AA6E}.Debug|Any CPU.Build.0 = Debug|Any CPU
		{97A1361B-560B-4996-AC81-24DF7B26AA6E}.Release|Any CPU.ActiveCfg = Release|Any CPU
		{97A1361B-560B-4996-AC81-24DF7B26AA6E}.Release|Any CPU.Build.0 = Release|Any CPU
		{01DA7B54-E607-42DE-8B2D-9FDB32CC07F4}.Debug|Any CPU.ActiveCfg = Debug|Any CPU
		{01DA7B54-E607-42DE-8B2D-9FDB32CC07F4}.Debug|Any CPU.Build.0 = Debug|Any CPU
		{01DA7B54-E607-42DE-8B2D-9FDB32CC07F4}.Release|Any CPU.ActiveCfg = Release|Any CPU
		{01DA7B54-E607-42DE-8B2D-9FDB32CC07F4}.Release|Any CPU.Build.0 = Release|Any CPU
		{9A07E3E7-4D81-4B0A-9B37-8143F508C682}.Debug|Any CPU.ActiveCfg = Debug|Any CPU
		{9A07E3E7-4D81-4B0A-9B37-8143F508C682}.Debug|Any CPU.Build.0 = Debug|Any CPU
		{9A07E3E7-4D81-4B0A-9B37-8143F508C682}.Release|Any CPU.ActiveCfg = Release|Any CPU
		{9A07E3E7-4D81-4B0A-9B37-8143F508C682}.Release|Any CPU.Build.0 = Release|Any CPU
		{4DB08C75-8496-46AB-8F54-6B1BDB96C20D}.Debug|Any CPU.ActiveCfg = Debug|Any CPU
		{4DB08C75-8496-46AB-8F54-6B1BDB96C20D}.Debug|Any CPU.Build.0 = Debug|Any CPU
		{4DB08C75-8496-46AB-8F54-6B1BDB96C20D}.Release|Any CPU.ActiveCfg = Release|Any CPU
		{4DB08C75-8496-46AB-8F54-6B1BDB96C20D}.Release|Any CPU.Build.0 = Release|Any CPU
	EndGlobalSection
	GlobalSection(SolutionProperties) = preSolution
		HideSolutionNode = FALSE
	EndGlobalSection
	GlobalSection(ExtensibilityGlobals) = postSolution
		SolutionGuid = {22CE649E-57F4-4B0F-99A3-10312F0B4DD7}
	EndGlobalSection
EndGlobal
