
Microsoft Visual Studio Solution File, Format Version 12.00
# Visual Studio Version 16
VisualStudioVersion = 16.0.31005.135
MinimumVisualStudioVersion = 10.0.40219.1
Project("{FAE04EC0-301F-11D3-BF4B-00C04F79EFBC}") = "Repository", "Repository\Repository.csproj", "{C2A11AEC-A1EF-42EE-BDCE-D92C0DB046C2}"
EndProject
Global
	GlobalSection(SolutionConfigurationPlatforms) = preSolution
		Debug|Any CPU = Debug|Any CPU
		Release|Any CPU = Release|Any CPU
	EndGlobalSection
	GlobalSection(ProjectConfigurationPlatforms) = postSolution
		{C2A11AEC-A1EF-42EE-BDCE-D92C0DB046C2}.Debug|Any CPU.ActiveCfg = Debug|Any CPU
		{C2A11AEC-A1EF-42EE-BDCE-D92C0DB046C2}.Debug|Any CPU.Build.0 = Debug|Any CPU
		{C2A11AEC-A1EF-42EE-BDCE-D92C0DB046C2}.Release|Any CPU.ActiveCfg = Release|Any CPU
		{C2A11AEC-A1EF-42EE-BDCE-D92C0DB046C2}.Release|Any CPU.Build.0 = Release|Any CPU
	EndGlobalSection
	GlobalSection(SolutionProperties) = preSolution
		HideSolutionNode = FALSE
	EndGlobalSection
	GlobalSection(ExtensibilityGlobals) = postSolution
		SolutionGuid = {22CE649E-57F4-4B0F-99A3-10312F0B4DD7}
	EndGlobalSection
EndGlobal
